
Microsoft Visual Studio Solution File, Format Version 12.00
# Visual Studio Version 17
VisualStudioVersion = 17.5.33414.496
MinimumVisualStudioVersion = 10.0.40219.1
Project("{8BC9CEB8-8B4A-11D0-8D11-00A0C91BC942}") = "166_singlelinkedlist", "166_singlelinkedlist.vcxproj", "{4730A7C9-E21B-4222-986C-130EDEC24E98}"
EndProject
Global
	GlobalSection(SolutionConfigurationPlatforms) = preSolution
		Debug|x64 = Debug|x64
		Debug|x86 = Debug|x86
		Release|x64 = Release|x64
		Release|x86 = Release|x86
	EndGlobalSection
	GlobalSection(ProjectConfigurationPlatforms) = postSolution
		{4730A7C9-E21B-4222-986C-130EDEC24E98}.Debug|x64.ActiveCfg = Debug|x64
		{4730A7C9-E21B-4222-986C-130EDEC24E98}.Debug|x64.Build.0 = Debug|x64
		{4730A7C9-E21B-4222-986C-130EDEC24E98}.Debug|x86.ActiveCfg = Debug|Win32
		{4730A7C9-E21B-4222-986C-130EDEC24E98}.Debug|x86.Build.0 = Debug|Win32
		{4730A7C9-E21B-4222-986C-130EDEC24E98}.Release|x64.ActiveCfg = Release|x64
		{4730A7C9-E21B-4222-986C-130EDEC24E98}.Release|x64.Build.0 = Release|x64
		{4730A7C9-E21B-4222-986C-130EDEC24E98}.Release|x86.ActiveCfg = Release|Win32
		{4730A7C9-E21B-4222-986C-130EDEC24E98}.Release|x86.Build.0 = Release|Win32
	EndGlobalSection
	GlobalSection(SolutionProperties) = preSolution
		HideSolutionNode = FALSE
	EndGlobalSection
	GlobalSection(ExtensibilityGlobals) = postSolution
		SolutionGuid = {C5B6686F-B659-4F6A-A4FF-6DC1A04FDAEF}
	EndGlobalSection
EndGlobal
